
Microsoft Visual Studio Solution File, Format Version 12.00
# Visual Studio Version 16
VisualStudioVersion = 16.0.30523.141
MinimumVisualStudioVersion = 10.0.40219.1
Project("{FAE04EC0-301F-11D3-BF4B-00C04F79EFBC}") = "Lotolyzer_main_app", "Lotolyzer_main_app\Lotolyzer_main_app.csproj", "{393F8D4F-BB93-416F-8413-1B2261196212}"
EndProject
Global
	GlobalSection(SolutionConfigurationPlatforms) = preSolution
		Debug|Any CPU = Debug|Any CPU
		Release|Any CPU = Release|Any CPU
	EndGlobalSection
	GlobalSection(ProjectConfigurationPlatforms) = postSolution
		{393F8D4F-BB93-416F-8413-1B2261196212}.Debug|Any CPU.ActiveCfg = Debug|Any CPU
		{393F8D4F-BB93-416F-8413-1B2261196212}.Debug|Any CPU.Build.0 = Debug|Any CPU
		{393F8D4F-BB93-416F-8413-1B2261196212}.Release|Any CPU.ActiveCfg = Release|Any CPU
		{393F8D4F-BB93-416F-8413-1B2261196212}.Release|Any CPU.Build.0 = Release|Any CPU
	EndGlobalSection
	GlobalSection(SolutionProperties) = preSolution
		HideSolutionNode = FALSE
	EndGlobalSection
	GlobalSection(ExtensibilityGlobals) = postSolution
		SolutionGuid = {B15FC0E1-132E-453B-B12C-F05AB892DF62}
	EndGlobalSection
EndGlobal
